{
  "name": "LMS",
  "lockfileVersion": 3,
  "requires": true,
  "packages": {
    "": {
      "dependencies": {
        "lucide": "^0.548.0",
        "react": "^19.2.0"
      }
    },
    "node_modules/lucide": {
      "version": "0.548.0",
      "resolved": "https://registry.npmjs.org/lucide/-/lucide-0.548.0.tgz",
      "integrity": "sha512-G9MtqYAKogbp23KCY+6jM/hQQLs9252z9IgmctZn2Fi95+ukR2jpXmUt4+y0q6bb9DrC+9P1jNymHLcyUgtapg=="
    },
    "node_modules/react": {
      "version": "19.2.0",
      "resolved": "https://registry.npmjs.org/react/-/react-19.2.0.tgz",
      "integrity": "sha512-tmbWg6W31tQLeB5cdIBOicJDJRR2KzXsV7uSK9iNfLWQ5bIZfxuPEHp7M8wiHyHnn0DD1i7w3Zmin0FtkrwoCQ==",
      "engines": {
        "node": ">=0.10.0"
      }
    }
  }
}
